
Microsoft Visual Studio Solution File, Format Version 12.00
# Visual Studio Version 17
VisualStudioVersion = 17.9.34701.34
MinimumVisualStudioVersion = 10.0.40219.1
Project("{9A19103F-16F7-4668-BE54-9A1E7A4F7556}") = "Maktab", "Maktab\Maktab.csproj", "{CAD2768C-3DF4-42A7-B04A-D6C4CDB6AB13}"
EndProject
Project("{2150E333-8FDC-42A3-9474-1A3956D46DE8}") = "Users", "Users", "{B3AAE103-2B4A-4DFF-A335-755DBD1DABFB}"
EndProject
Project("{9A19103F-16F7-4668-BE54-9A1E7A4F7556}") = "Users", "Application.Users\Users.csproj", "{973ED56F-0FEF-4FD0-A6C6-FB12BC96AB9F}"
EndProject
Project("{9A19103F-16F7-4668-BE54-9A1E7A4F7556}") = "Users.Implementation", "Application.Users.Implementation\Users.Implementation.csproj", "{E90EBAA2-14AA-4E22-9CC7-4EC3EF014D9B}"
EndProject
Project("{9A19103F-16F7-4668-BE54-9A1E7A4F7556}") = "Users.Repository", "Application.Users.Repository\Users.Repository.csproj", "{7449E1A8-C8E9-482E-88D4-5EF839C8B694}"
EndProject
Project("{9A19103F-16F7-4668-BE54-9A1E7A4F7556}") = "Users.Repository.Implementation", "Application.Users.Repository.Implementation\Users.Repository.Implementation.csproj", "{8C8A5236-2250-49B8-BAF2-75C6AF14808A}"
EndProject
Project("{9A19103F-16F7-4668-BE54-9A1E7A4F7556}") = "Users.Registry", "Application.Users.Registry\Users.Registry.csproj", "{ADB3CA14-C665-4050-AC2B-A3310D62603C}"
EndProject
Project("{2150E333-8FDC-42A3-9474-1A3956D46DE8}") = "Data", "Data", "{0D7D21A0-74DB-4AEB-872D-FBDB8874DE41}"
EndProject
Project("{9A19103F-16F7-4668-BE54-9A1E7A4F7556}") = "Data", "Data\Data.csproj", "{1A4DBE75-ED8A-44BD-BE8D-2CAA006D4716}"
EndProject
Project("{9A19103F-16F7-4668-BE54-9A1E7A4F7556}") = "Data.MySql", "Data.MySql\Data.MySql.csproj", "{330934DF-0FE1-4C1E-A7CA-13AA5F9A897C}"
EndProject
Project("{9A19103F-16F7-4668-BE54-9A1E7A4F7556}") = "Data.MySql.Regjstry", "Data.MySql.Regjstry\Data.MySql.Regjstry.csproj", "{CBE91BDC-413A-4599-9CC2-BCA643539F9C}"
	ProjectSection(ProjectDependencies) = postProject
		{6D4C0379-A009-49B5-A460-064A699FA966} = {6D4C0379-A009-49B5-A460-064A699FA966}
		{F2E659B6-040D-4B29-9C66-70AF662D0BA8} = {F2E659B6-040D-4B29-9C66-70AF662D0BA8}
	EndProjectSection
EndProject
Project("{2150E333-8FDC-42A3-9474-1A3956D46DE8}") = "Resiliency", "Resiliency", "{038D57CE-C508-41AF-8808-0DCB64382C43}"
EndProject
Project("{9A19103F-16F7-4668-BE54-9A1E7A4F7556}") = "Resiliency", "Resiliency\Resiliency.csproj", "{F2E659B6-040D-4B29-9C66-70AF662D0BA8}"
EndProject
Project("{9A19103F-16F7-4668-BE54-9A1E7A4F7556}") = "Resiliency.Implementation", "Resiliency.Implementation\Resiliency.Implementation.csproj", "{BED2C5E7-F888-45F7-A596-D954B2677518}"
EndProject
Project("{9A19103F-16F7-4668-BE54-9A1E7A4F7556}") = "Resiliency.Registry", "Resiliency.Registry\Resiliency.Registry.csproj", "{6D4C0379-A009-49B5-A460-064A699FA966}"
EndProject
Project("{2150E333-8FDC-42A3-9474-1A3956D46DE8}") = "Email", "Email", "{446F8D4B-D7A8-40BC-A829-E0E25D0C8A36}"
EndProject
Project("{9A19103F-16F7-4668-BE54-9A1E7A4F7556}") = "Email.Registry", "Email.Registry\Email.Registry.csproj", "{764AD167-CBC0-46A2-9B80-B8ACD071A0DF}"
EndProject
Project("{9A19103F-16F7-4668-BE54-9A1E7A4F7556}") = "Email", "Email\Email.csproj", "{1BAAD97D-E0A4-4F27-AE27-97DCE12EB95F}"
EndProject
Project("{9A19103F-16F7-4668-BE54-9A1E7A4F7556}") = "Email.Implementation", "Email.Implementation\Email.Implementation.csproj", "{4B8D529C-B1B3-49F1-B6B4-4217DFB36274}"
EndProject
Project("{2150E333-8FDC-42A3-9474-1A3956D46DE8}") = "WebMsgSender", "WebMsgSender", "{3B2806B0-41BD-4541-A7BA-0C3208719D2E}"
EndProject
Project("{9A19103F-16F7-4668-BE54-9A1E7A4F7556}") = "WebMsgSender.Registry", "WebMsgSender.Registry\WebMsgSender.Registry.csproj", "{85EE1C8D-351C-4157-8EB7-C4874CD5504D}"
EndProject
Project("{9A19103F-16F7-4668-BE54-9A1E7A4F7556}") = "WebMsgSender", "WebMsgSender\WebMsgSender.csproj", "{8352C84E-338A-4F6F-9CA1-246547E40227}"
EndProject
Project("{9A19103F-16F7-4668-BE54-9A1E7A4F7556}") = "WebMsgSender.Implementation", "WebMsgSender.Implementation\WebMsgSender.Implementation.csproj", "{14CC0FD4-09E2-456F-ABF6-5B6671C4DE6D}"
EndProject
Project("{2150E333-8FDC-42A3-9474-1A3956D46DE8}") = "InternalContracts", "InternalContracts", "{E76FBB76-A7DB-4C4F-A4E4-1B964096AA43}"
EndProject
Project("{9A19103F-16F7-4668-BE54-9A1E7A4F7556}") = "InternalContracts", "InternalContracts\InternalContracts.csproj", "{1FAE1752-5849-4567-9C3B-6269E94312E4}"
EndProject
Project("{9A19103F-16F7-4668-BE54-9A1E7A4F7556}") = "InternalContracts.Implementation", "InternalContracts.Implementation\InternalContracts.Implementation.csproj", "{510E1E8E-467D-46E9-B54F-4A188F319157}"
EndProject
Project("{9A19103F-16F7-4668-BE54-9A1E7A4F7556}") = "InternalContracts.Registry", "InternalContracts.Registry\InternalContracts.Registry.csproj", "{086D5238-2185-42CD-91F3-E3BDFEAA351A}"
EndProject
Project("{2150E333-8FDC-42A3-9474-1A3956D46DE8}") = "Elavon", "Elavon", "{1E1DA1F0-6295-4A5D-BF0B-CAA630D3D2FE}"
EndProject
Project("{9A19103F-16F7-4668-BE54-9A1E7A4F7556}") = "Elavon", "Elavon\Elavon.csproj", "{5E3338FB-9AD3-4AA1-BB37-6F113CE8BBC4}"
EndProject
Project("{9A19103F-16F7-4668-BE54-9A1E7A4F7556}") = "Elavon.Implementation", "Elavon.Implementation\Elavon.Implementation.csproj", "{E913E096-1837-4349-B4B6-9BEA79A311A3}"
EndProject
Project("{9A19103F-16F7-4668-BE54-9A1E7A4F7556}") = "Elavon.Registry", "Elavon.Registry\Elavon.Registry.csproj", "{F8273942-5F69-4792-A9E0-6BDBEF2C37F9}"
EndProject
Project("{9A19103F-16F7-4668-BE54-9A1E7A4F7556}") = "Users.Utils", "Users.Utils\Users.Utils.csproj", "{F758CF97-B869-4CC9-97F9-B24C80840329}"
EndProject
Project("{9A19103F-16F7-4668-BE54-9A1E7A4F7556}") = "Users.Utils.Implementation", "Users.Utils,Implementation\Users.Utils.Implementation.csproj", "{23267FCC-405F-4AB5-AF03-2C1F9B7AFCBF}"
EndProject
Project("{2150E333-8FDC-42A3-9474-1A3956D46DE8}") = "Courses", "Courses", "{B5E2F22C-2456-466D-AAA4-FD130CBF5915}"
EndProject
Project("{9A19103F-16F7-4668-BE54-9A1E7A4F7556}") = "Courses", "Courses\Courses.csproj", "{6B627F2D-B5A4-48DC-AA44-DD8EDB273397}"
EndProject
Project("{9A19103F-16F7-4668-BE54-9A1E7A4F7556}") = "Courses.Implementation", "Courses.Implementation\Courses.Implementation.csproj", "{9862B179-F7F1-4729-9857-4B6954C5A775}"
EndProject
Project("{9A19103F-16F7-4668-BE54-9A1E7A4F7556}") = "Courses.Repository", "Courses.Repository\Courses.Repository.csproj", "{35E8ECFD-6CD5-4FFC-BB03-AB00E55FA40B}"
EndProject
Project("{9A19103F-16F7-4668-BE54-9A1E7A4F7556}") = "Courses.Repository.Implementation", "Courses.Repository.Implementation\Courses.Repository.Implementation.csproj", "{196686D7-DB08-4D92-959C-B6B33D7BACED}"
EndProject
Project("{9A19103F-16F7-4668-BE54-9A1E7A4F7556}") = "Courses.Registry", "Courses.Registry\Courses.Registry.csproj", "{50E29C02-A88C-4CE9-82AC-B3D10194642C}"
EndProject
Project("{2150E333-8FDC-42A3-9474-1A3956D46DE8}") = "Zeffy", "Zeffy", "{C2314088-337D-40DE-9472-E0C82EF167BE}"
EndProject
Project("{FAE04EC0-301F-11D3-BF4B-00C04F79EFBC}") = "Zeffy", "Zeffy\Zeffy.csproj", "{C1572FEA-82C5-4B84-84D1-1644DE3FFD10}"
EndProject
Project("{FAE04EC0-301F-11D3-BF4B-00C04F79EFBC}") = "Zeffy.Implementation", "Zeffy.Implementation\Zeffy.Implementation.csproj", "{252CDF69-368C-42FF-A80F-65CC803E26EB}"
EndProject
Project("{FAE04EC0-301F-11D3-BF4B-00C04F79EFBC}") = "Zeffy.Registry", "Zeffy.Registry\Zeffy.Registry.csproj", "{7521ADF5-0098-4D06-88BD-377BB8B97415}"
EndProject
Project("{FAE04EC0-301F-11D3-BF4B-00C04F79EFBC}") = "Zeffy.Repository", "Zeffy.Repository\Zeffy.Repository.csproj", "{5F5CDC23-12A9-4C83-8A7F-91B973B78A98}"
EndProject
Project("{FAE04EC0-301F-11D3-BF4B-00C04F79EFBC}") = "Zeffy.Repository.Implementation", "Zeffy.Repository.Implementation\Zeffy.Repository.Implementation.csproj", "{AE3CB20C-83D1-401C-9AEC-A799DAD339CD}"
EndProject
Global
	GlobalSection(SolutionConfigurationPlatforms) = preSolution
		Debug|Any CPU = Debug|Any CPU
		Release|Any CPU = Release|Any CPU
	EndGlobalSection
	GlobalSection(ProjectConfigurationPlatforms) = postSolution
		{CAD2768C-3DF4-42A7-B04A-D6C4CDB6AB13}.Debug|Any CPU.ActiveCfg = Debug|Any CPU
		{CAD2768C-3DF4-42A7-B04A-D6C4CDB6AB13}.Debug|Any CPU.Build.0 = Debug|Any CPU
		{CAD2768C-3DF4-42A7-B04A-D6C4CDB6AB13}.Release|Any CPU.ActiveCfg = Release|Any CPU
		{CAD2768C-3DF4-42A7-B04A-D6C4CDB6AB13}.Release|Any CPU.Build.0 = Release|Any CPU
		{973ED56F-0FEF-4FD0-A6C6-FB12BC96AB9F}.Debug|Any CPU.ActiveCfg = Debug|Any CPU
		{973ED56F-0FEF-4FD0-A6C6-FB12BC96AB9F}.Debug|Any CPU.Build.0 = Debug|Any CPU
		{973ED56F-0FEF-4FD0-A6C6-FB12BC96AB9F}.Release|Any CPU.ActiveCfg = Release|Any CPU
		{973ED56F-0FEF-4FD0-A6C6-FB12BC96AB9F}.Release|Any CPU.Build.0 = Release|Any CPU
		{E90EBAA2-14AA-4E22-9CC7-4EC3EF014D9B}.Debug|Any CPU.ActiveCfg = Debug|Any CPU
		{E90EBAA2-14AA-4E22-9CC7-4EC3EF014D9B}.Debug|Any CPU.Build.0 = Debug|Any CPU
		{E90EBAA2-14AA-4E22-9CC7-4EC3EF014D9B}.Release|Any CPU.ActiveCfg = Release|Any CPU
		{E90EBAA2-14AA-4E22-9CC7-4EC3EF014D9B}.Release|Any CPU.Build.0 = Release|Any CPU
		{7449E1A8-C8E9-482E-88D4-5EF839C8B694}.Debug|Any CPU.ActiveCfg = Debug|Any CPU
		{7449E1A8-C8E9-482E-88D4-5EF839C8B694}.Debug|Any CPU.Build.0 = Debug|Any CPU
		{7449E1A8-C8E9-482E-88D4-5EF839C8B694}.Release|Any CPU.ActiveCfg = Release|Any CPU
		{7449E1A8-C8E9-482E-88D4-5EF839C8B694}.Release|Any CPU.Build.0 = Release|Any CPU
		{8C8A5236-2250-49B8-BAF2-75C6AF14808A}.Debug|Any CPU.ActiveCfg = Debug|Any CPU
		{8C8A5236-2250-49B8-BAF2-75C6AF14808A}.Debug|Any CPU.Build.0 = Debug|Any CPU
		{8C8A5236-2250-49B8-BAF2-75C6AF14808A}.Release|Any CPU.ActiveCfg = Release|Any CPU
		{8C8A5236-2250-49B8-BAF2-75C6AF14808A}.Release|Any CPU.Build.0 = Release|Any CPU
		{ADB3CA14-C665-4050-AC2B-A3310D62603C}.Debug|Any CPU.ActiveCfg = Debug|Any CPU
		{ADB3CA14-C665-4050-AC2B-A3310D62603C}.Debug|Any CPU.Build.0 = Debug|Any CPU
		{ADB3CA14-C665-4050-AC2B-A3310D62603C}.Release|Any CPU.ActiveCfg = Release|Any CPU
		{ADB3CA14-C665-4050-AC2B-A3310D62603C}.Release|Any CPU.Build.0 = Release|Any CPU
		{1A4DBE75-ED8A-44BD-BE8D-2CAA006D4716}.Debug|Any CPU.ActiveCfg = Debug|Any CPU
		{1A4DBE75-ED8A-44BD-BE8D-2CAA006D4716}.Debug|Any CPU.Build.0 = Debug|Any CPU
		{1A4DBE75-ED8A-44BD-BE8D-2CAA006D4716}.Release|Any CPU.ActiveCfg = Release|Any CPU
		{1A4DBE75-ED8A-44BD-BE8D-2CAA006D4716}.Release|Any CPU.Build.0 = Release|Any CPU
		{330934DF-0FE1-4C1E-A7CA-13AA5F9A897C}.Debug|Any CPU.ActiveCfg = Debug|Any CPU
		{330934DF-0FE1-4C1E-A7CA-13AA5F9A897C}.Debug|Any CPU.Build.0 = Debug|Any CPU
		{330934DF-0FE1-4C1E-A7CA-13AA5F9A897C}.Release|Any CPU.ActiveCfg = Release|Any CPU
		{330934DF-0FE1-4C1E-A7CA-13AA5F9A897C}.Release|Any CPU.Build.0 = Release|Any CPU
		{CBE91BDC-413A-4599-9CC2-BCA643539F9C}.Debug|Any CPU.ActiveCfg = Debug|Any CPU
		{CBE91BDC-413A-4599-9CC2-BCA643539F9C}.Debug|Any CPU.Build.0 = Debug|Any CPU
		{CBE91BDC-413A-4599-9CC2-BCA643539F9C}.Release|Any CPU.ActiveCfg = Release|Any CPU
		{CBE91BDC-413A-4599-9CC2-BCA643539F9C}.Release|Any CPU.Build.0 = Release|Any CPU
		{F2E659B6-040D-4B29-9C66-70AF662D0BA8}.Debug|Any CPU.ActiveCfg = Debug|Any CPU
		{F2E659B6-040D-4B29-9C66-70AF662D0BA8}.Debug|Any CPU.Build.0 = Debug|Any CPU
		{F2E659B6-040D-4B29-9C66-70AF662D0BA8}.Release|Any CPU.ActiveCfg = Release|Any CPU
		{F2E659B6-040D-4B29-9C66-70AF662D0BA8}.Release|Any CPU.Build.0 = Release|Any CPU
		{BED2C5E7-F888-45F7-A596-D954B2677518}.Debug|Any CPU.ActiveCfg = Debug|Any CPU
		{BED2C5E7-F888-45F7-A596-D954B2677518}.Debug|Any CPU.Build.0 = Debug|Any CPU
		{BED2C5E7-F888-45F7-A596-D954B2677518}.Release|Any CPU.ActiveCfg = Release|Any CPU
		{BED2C5E7-F888-45F7-A596-D954B2677518}.Release|Any CPU.Build.0 = Release|Any CPU
		{6D4C0379-A009-49B5-A460-064A699FA966}.Debug|Any CPU.ActiveCfg = Debug|Any CPU
		{6D4C0379-A009-49B5-A460-064A699FA966}.Debug|Any CPU.Build.0 = Debug|Any CPU
		{6D4C0379-A009-49B5-A460-064A699FA966}.Release|Any CPU.ActiveCfg = Release|Any CPU
		{6D4C0379-A009-49B5-A460-064A699FA966}.Release|Any CPU.Build.0 = Release|Any CPU
		{764AD167-CBC0-46A2-9B80-B8ACD071A0DF}.Debug|Any CPU.ActiveCfg = Debug|Any CPU
		{764AD167-CBC0-46A2-9B80-B8ACD071A0DF}.Debug|Any CPU.Build.0 = Debug|Any CPU
		{764AD167-CBC0-46A2-9B80-B8ACD071A0DF}.Release|Any CPU.ActiveCfg = Release|Any CPU
		{764AD167-CBC0-46A2-9B80-B8ACD071A0DF}.Release|Any CPU.Build.0 = Release|Any CPU
		{1BAAD97D-E0A4-4F27-AE27-97DCE12EB95F}.Debug|Any CPU.ActiveCfg = Debug|Any CPU
		{1BAAD97D-E0A4-4F27-AE27-97DCE12EB95F}.Debug|Any CPU.Build.0 = Debug|Any CPU
		{1BAAD97D-E0A4-4F27-AE27-97DCE12EB95F}.Release|Any CPU.ActiveCfg = Release|Any CPU
		{1BAAD97D-E0A4-4F27-AE27-97DCE12EB95F}.Release|Any CPU.Build.0 = Release|Any CPU
		{4B8D529C-B1B3-49F1-B6B4-4217DFB36274}.Debug|Any CPU.ActiveCfg = Debug|Any CPU
		{4B8D529C-B1B3-49F1-B6B4-4217DFB36274}.Debug|Any CPU.Build.0 = Debug|Any CPU
		{4B8D529C-B1B3-49F1-B6B4-4217DFB36274}.Release|Any CPU.ActiveCfg = Release|Any CPU
		{4B8D529C-B1B3-49F1-B6B4-4217DFB36274}.Release|Any CPU.Build.0 = Release|Any CPU
		{85EE1C8D-351C-4157-8EB7-C4874CD5504D}.Debug|Any CPU.ActiveCfg = Debug|Any CPU
		{85EE1C8D-351C-4157-8EB7-C4874CD5504D}.Debug|Any CPU.Build.0 = Debug|Any CPU
		{85EE1C8D-351C-4157-8EB7-C4874CD5504D}.Release|Any CPU.ActiveCfg = Release|Any CPU
		{85EE1C8D-351C-4157-8EB7-C4874CD5504D}.Release|Any CPU.Build.0 = Release|Any CPU
		{8352C84E-338A-4F6F-9CA1-246547E40227}.Debug|Any CPU.ActiveCfg = Debug|Any CPU
		{8352C84E-338A-4F6F-9CA1-246547E40227}.Debug|Any CPU.Build.0 = Debug|Any CPU
		{8352C84E-338A-4F6F-9CA1-246547E40227}.Release|Any CPU.ActiveCfg = Release|Any CPU
		{8352C84E-338A-4F6F-9CA1-246547E40227}.Release|Any CPU.Build.0 = Release|Any CPU
		{14CC0FD4-09E2-456F-ABF6-5B6671C4DE6D}.Debug|Any CPU.ActiveCfg = Debug|Any CPU
		{14CC0FD4-09E2-456F-ABF6-5B6671C4DE6D}.Debug|Any CPU.Build.0 = Debug|Any CPU
		{14CC0FD4-09E2-456F-ABF6-5B6671C4DE6D}.Release|Any CPU.ActiveCfg = Release|Any CPU
		{14CC0FD4-09E2-456F-ABF6-5B6671C4DE6D}.Release|Any CPU.Build.0 = Release|Any CPU
		{1FAE1752-5849-4567-9C3B-6269E94312E4}.Debug|Any CPU.ActiveCfg = Debug|Any CPU
		{1FAE1752-5849-4567-9C3B-6269E94312E4}.Debug|Any CPU.Build.0 = Debug|Any CPU
		{1FAE1752-5849-4567-9C3B-6269E94312E4}.Release|Any CPU.ActiveCfg = Release|Any CPU
		{1FAE1752-5849-4567-9C3B-6269E94312E4}.Release|Any CPU.Build.0 = Release|Any CPU
		{510E1E8E-467D-46E9-B54F-4A188F319157}.Debug|Any CPU.ActiveCfg = Debug|Any CPU
		{510E1E8E-467D-46E9-B54F-4A188F319157}.Debug|Any CPU.Build.0 = Debug|Any CPU
		{510E1E8E-467D-46E9-B54F-4A188F319157}.Release|Any CPU.ActiveCfg = Release|Any CPU
		{510E1E8E-467D-46E9-B54F-4A188F319157}.Release|Any CPU.Build.0 = Release|Any CPU
		{086D5238-2185-42CD-91F3-E3BDFEAA351A}.Debug|Any CPU.ActiveCfg = Debug|Any CPU
		{086D5238-2185-42CD-91F3-E3BDFEAA351A}.Debug|Any CPU.Build.0 = Debug|Any CPU
		{086D5238-2185-42CD-91F3-E3BDFEAA351A}.Release|Any CPU.ActiveCfg = Release|Any CPU
		{086D5238-2185-42CD-91F3-E3BDFEAA351A}.Release|Any CPU.Build.0 = Release|Any CPU
		{5E3338FB-9AD3-4AA1-BB37-6F113CE8BBC4}.Debug|Any CPU.ActiveCfg = Debug|Any CPU
		{5E3338FB-9AD3-4AA1-BB37-6F113CE8BBC4}.Debug|Any CPU.Build.0 = Debug|Any CPU
		{5E3338FB-9AD3-4AA1-BB37-6F113CE8BBC4}.Release|Any CPU.ActiveCfg = Release|Any CPU
		{5E3338FB-9AD3-4AA1-BB37-6F113CE8BBC4}.Release|Any CPU.Build.0 = Release|Any CPU
		{E913E096-1837-4349-B4B6-9BEA79A311A3}.Debug|Any CPU.ActiveCfg = Debug|Any CPU
		{E913E096-1837-4349-B4B6-9BEA79A311A3}.Debug|Any CPU.Build.0 = Debug|Any CPU
		{E913E096-1837-4349-B4B6-9BEA79A311A3}.Release|Any CPU.ActiveCfg = Release|Any CPU
		{E913E096-1837-4349-B4B6-9BEA79A311A3}.Release|Any CPU.Build.0 = Release|Any CPU
		{F8273942-5F69-4792-A9E0-6BDBEF2C37F9}.Debug|Any CPU.ActiveCfg = Debug|Any CPU
		{F8273942-5F69-4792-A9E0-6BDBEF2C37F9}.Debug|Any CPU.Build.0 = Debug|Any CPU
		{F8273942-5F69-4792-A9E0-6BDBEF2C37F9}.Release|Any CPU.ActiveCfg = Release|Any CPU
		{F8273942-5F69-4792-A9E0-6BDBEF2C37F9}.Release|Any CPU.Build.0 = Release|Any CPU
		{F758CF97-B869-4CC9-97F9-B24C80840329}.Debug|Any CPU.ActiveCfg = Debug|Any CPU
		{F758CF97-B869-4CC9-97F9-B24C80840329}.Debug|Any CPU.Build.0 = Debug|Any CPU
		{F758CF97-B869-4CC9-97F9-B24C80840329}.Release|Any CPU.ActiveCfg = Release|Any CPU
		{F758CF97-B869-4CC9-97F9-B24C80840329}.Release|Any CPU.Build.0 = Release|Any CPU
		{23267FCC-405F-4AB5-AF03-2C1F9B7AFCBF}.Debug|Any CPU.ActiveCfg = Debug|Any CPU
		{23267FCC-405F-4AB5-AF03-2C1F9B7AFCBF}.Debug|Any CPU.Build.0 = Debug|Any CPU
		{23267FCC-405F-4AB5-AF03-2C1F9B7AFCBF}.Release|Any CPU.ActiveCfg = Release|Any CPU
		{23267FCC-405F-4AB5-AF03-2C1F9B7AFCBF}.Release|Any CPU.Build.0 = Release|Any CPU
		{6B627F2D-B5A4-48DC-AA44-DD8EDB273397}.Debug|Any CPU.ActiveCfg = Debug|Any CPU
		{6B627F2D-B5A4-48DC-AA44-DD8EDB273397}.Debug|Any CPU.Build.0 = Debug|Any CPU
		{6B627F2D-B5A4-48DC-AA44-DD8EDB273397}.Release|Any CPU.ActiveCfg = Release|Any CPU
		{6B627F2D-B5A4-48DC-AA44-DD8EDB273397}.Release|Any CPU.Build.0 = Release|Any CPU
		{9862B179-F7F1-4729-9857-4B6954C5A775}.Debug|Any CPU.ActiveCfg = Debug|Any CPU
		{9862B179-F7F1-4729-9857-4B6954C5A775}.Debug|Any CPU.Build.0 = Debug|Any CPU
		{9862B179-F7F1-4729-9857-4B6954C5A775}.Release|Any CPU.ActiveCfg = Release|Any CPU
		{9862B179-F7F1-4729-9857-4B6954C5A775}.Release|Any CPU.Build.0 = Release|Any CPU
		{35E8ECFD-6CD5-4FFC-BB03-AB00E55FA40B}.Debug|Any CPU.ActiveCfg = Debug|Any CPU
		{35E8ECFD-6CD5-4FFC-BB03-AB00E55FA40B}.Debug|Any CPU.Build.0 = Debug|Any CPU
		{35E8ECFD-6CD5-4FFC-BB03-AB00E55FA40B}.Release|Any CPU.ActiveCfg = Release|Any CPU
		{35E8ECFD-6CD5-4FFC-BB03-AB00E55FA40B}.Release|Any CPU.Build.0 = Release|Any CPU
		{196686D7-DB08-4D92-959C-B6B33D7BACED}.Debug|Any CPU.ActiveCfg = Debug|Any CPU
		{196686D7-DB08-4D92-959C-B6B33D7BACED}.Debug|Any CPU.Build.0 = Debug|Any CPU
		{196686D7-DB08-4D92-959C-B6B33D7BACED}.Release|Any CPU.ActiveCfg = Release|Any CPU
		{196686D7-DB08-4D92-959C-B6B33D7BACED}.Release|Any CPU.Build.0 = Release|Any CPU
		{50E29C02-A88C-4CE9-82AC-B3D10194642C}.Debug|Any CPU.ActiveCfg = Debug|Any CPU
		{50E29C02-A88C-4CE9-82AC-B3D10194642C}.Debug|Any CPU.Build.0 = Debug|Any CPU
		{50E29C02-A88C-4CE9-82AC-B3D10194642C}.Release|Any CPU.ActiveCfg = Release|Any CPU
		{50E29C02-A88C-4CE9-82AC-B3D10194642C}.Release|Any CPU.Build.0 = Release|Any CPU
		{C1572FEA-82C5-4B84-84D1-1644DE3FFD10}.Debug|Any CPU.ActiveCfg = Debug|Any CPU
		{C1572FEA-82C5-4B84-84D1-1644DE3FFD10}.Debug|Any CPU.Build.0 = Debug|Any CPU
		{C1572FEA-82C5-4B84-84D1-1644DE3FFD10}.Release|Any CPU.ActiveCfg = Release|Any CPU
		{C1572FEA-82C5-4B84-84D1-1644DE3FFD10}.Release|Any CPU.Build.0 = Release|Any CPU
		{252CDF69-368C-42FF-A80F-65CC803E26EB}.Debug|Any CPU.ActiveCfg = Debug|Any CPU
		{252CDF69-368C-42FF-A80F-65CC803E26EB}.Debug|Any CPU.Build.0 = Debug|Any CPU
		{252CDF69-368C-42FF-A80F-65CC803E26EB}.Release|Any CPU.ActiveCfg = Release|Any CPU
		{252CDF69-368C-42FF-A80F-65CC803E26EB}.Release|Any CPU.Build.0 = Release|Any CPU
		{7521ADF5-0098-4D06-88BD-377BB8B97415}.Debug|Any CPU.ActiveCfg = Debug|Any CPU
		{7521ADF5-0098-4D06-88BD-377BB8B97415}.Debug|Any CPU.Build.0 = Debug|Any CPU
		{7521ADF5-0098-4D06-88BD-377BB8B97415}.Release|Any CPU.ActiveCfg = Release|Any CPU
		{7521ADF5-0098-4D06-88BD-377BB8B97415}.Release|Any CPU.Build.0 = Release|Any CPU
		{5F5CDC23-12A9-4C83-8A7F-91B973B78A98}.Debug|Any CPU.ActiveCfg = Debug|Any CPU
		{5F5CDC23-12A9-4C83-8A7F-91B973B78A98}.Debug|Any CPU.Build.0 = Debug|Any CPU
		{5F5CDC23-12A9-4C83-8A7F-91B973B78A98}.Release|Any CPU.ActiveCfg = Release|Any CPU
		{5F5CDC23-12A9-4C83-8A7F-91B973B78A98}.Release|Any CPU.Build.0 = Release|Any CPU
		{AE3CB20C-83D1-401C-9AEC-A799DAD339CD}.Debug|Any CPU.ActiveCfg = Debug|Any CPU
		{AE3CB20C-83D1-401C-9AEC-A799DAD339CD}.Debug|Any CPU.Build.0 = Debug|Any CPU
		{AE3CB20C-83D1-401C-9AEC-A799DAD339CD}.Release|Any CPU.ActiveCfg = Release|Any CPU
		{AE3CB20C-83D1-401C-9AEC-A799DAD339CD}.Release|Any CPU.Build.0 = Release|Any CPU
	EndGlobalSection
	GlobalSection(SolutionProperties) = preSolution
		HideSolutionNode = FALSE
	EndGlobalSection
	GlobalSection(NestedProjects) = preSolution
		{973ED56F-0FEF-4FD0-A6C6-FB12BC96AB9F} = {B3AAE103-2B4A-4DFF-A335-755DBD1DABFB}
		{E90EBAA2-14AA-4E22-9CC7-4EC3EF014D9B} = {B3AAE103-2B4A-4DFF-A335-755DBD1DABFB}
		{7449E1A8-C8E9-482E-88D4-5EF839C8B694} = {B3AAE103-2B4A-4DFF-A335-755DBD1DABFB}
		{8C8A5236-2250-49B8-BAF2-75C6AF14808A} = {B3AAE103-2B4A-4DFF-A335-755DBD1DABFB}
		{ADB3CA14-C665-4050-AC2B-A3310D62603C} = {B3AAE103-2B4A-4DFF-A335-755DBD1DABFB}
		{1A4DBE75-ED8A-44BD-BE8D-2CAA006D4716} = {0D7D21A0-74DB-4AEB-872D-FBDB8874DE41}
		{330934DF-0FE1-4C1E-A7CA-13AA5F9A897C} = {0D7D21A0-74DB-4AEB-872D-FBDB8874DE41}
		{CBE91BDC-413A-4599-9CC2-BCA643539F9C} = {0D7D21A0-74DB-4AEB-872D-FBDB8874DE41}
		{F2E659B6-040D-4B29-9C66-70AF662D0BA8} = {038D57CE-C508-41AF-8808-0DCB64382C43}
		{BED2C5E7-F888-45F7-A596-D954B2677518} = {038D57CE-C508-41AF-8808-0DCB64382C43}
		{6D4C0379-A009-49B5-A460-064A699FA966} = {038D57CE-C508-41AF-8808-0DCB64382C43}
		{764AD167-CBC0-46A2-9B80-B8ACD071A0DF} = {446F8D4B-D7A8-40BC-A829-E0E25D0C8A36}
		{1BAAD97D-E0A4-4F27-AE27-97DCE12EB95F} = {446F8D4B-D7A8-40BC-A829-E0E25D0C8A36}
		{4B8D529C-B1B3-49F1-B6B4-4217DFB36274} = {446F8D4B-D7A8-40BC-A829-E0E25D0C8A36}
		{85EE1C8D-351C-4157-8EB7-C4874CD5504D} = {3B2806B0-41BD-4541-A7BA-0C3208719D2E}
		{8352C84E-338A-4F6F-9CA1-246547E40227} = {3B2806B0-41BD-4541-A7BA-0C3208719D2E}
		{14CC0FD4-09E2-456F-ABF6-5B6671C4DE6D} = {3B2806B0-41BD-4541-A7BA-0C3208719D2E}
		{1FAE1752-5849-4567-9C3B-6269E94312E4} = {E76FBB76-A7DB-4C4F-A4E4-1B964096AA43}
		{510E1E8E-467D-46E9-B54F-4A188F319157} = {E76FBB76-A7DB-4C4F-A4E4-1B964096AA43}
		{086D5238-2185-42CD-91F3-E3BDFEAA351A} = {E76FBB76-A7DB-4C4F-A4E4-1B964096AA43}
		{5E3338FB-9AD3-4AA1-BB37-6F113CE8BBC4} = {1E1DA1F0-6295-4A5D-BF0B-CAA630D3D2FE}
		{E913E096-1837-4349-B4B6-9BEA79A311A3} = {1E1DA1F0-6295-4A5D-BF0B-CAA630D3D2FE}
		{F8273942-5F69-4792-A9E0-6BDBEF2C37F9} = {1E1DA1F0-6295-4A5D-BF0B-CAA630D3D2FE}
		{F758CF97-B869-4CC9-97F9-B24C80840329} = {B3AAE103-2B4A-4DFF-A335-755DBD1DABFB}
		{23267FCC-405F-4AB5-AF03-2C1F9B7AFCBF} = {B3AAE103-2B4A-4DFF-A335-755DBD1DABFB}
		{6B627F2D-B5A4-48DC-AA44-DD8EDB273397} = {B5E2F22C-2456-466D-AAA4-FD130CBF5915}
		{9862B179-F7F1-4729-9857-4B6954C5A775} = {B5E2F22C-2456-466D-AAA4-FD130CBF5915}
		{35E8ECFD-6CD5-4FFC-BB03-AB00E55FA40B} = {B5E2F22C-2456-466D-AAA4-FD130CBF5915}
		{196686D7-DB08-4D92-959C-B6B33D7BACED} = {B5E2F22C-2456-466D-AAA4-FD130CBF5915}
		{50E29C02-A88C-4CE9-82AC-B3D10194642C} = {B5E2F22C-2456-466D-AAA4-FD130CBF5915}
		{C1572FEA-82C5-4B84-84D1-1644DE3FFD10} = {C2314088-337D-40DE-9472-E0C82EF167BE}
		{252CDF69-368C-42FF-A80F-65CC803E26EB} = {C2314088-337D-40DE-9472-E0C82EF167BE}
		{7521ADF5-0098-4D06-88BD-377BB8B97415} = {C2314088-337D-40DE-9472-E0C82EF167BE}
		{5F5CDC23-12A9-4C83-8A7F-91B973B78A98} = {C2314088-337D-40DE-9472-E0C82EF167BE}
		{AE3CB20C-83D1-401C-9AEC-A799DAD339CD} = {C2314088-337D-40DE-9472-E0C82EF167BE}
	EndGlobalSection
	GlobalSection(ExtensibilityGlobals) = postSolution
		SolutionGuid = {7D29B79B-32EC-4337-B8AB-3EABEC6661A0}
	EndGlobalSection
EndGlobal
